
Microsoft Visual Studio Solution File, Format Version 12.00
# Visual Studio 14
VisualStudioVersion = 14.0.25420.1
MinimumVisualStudioVersion = 10.0.40219.1
Project("{FAE04EC0-301F-11D3-BF4B-00C04F79EFBC}") = "DEVES.IntegrationAPI.WebApi", "DEVES.IntegrationAPI.WebApi\DEVES.IntegrationAPI.WebApi.csproj", "{9E53BD0D-3233-4320-8445-C575920EB7E6}"
EndProject
Project("{FAE04EC0-301F-11D3-BF4B-00C04F79EFBC}") = "DEVES.IntegrationAPI.Model", "DEVES.IntegrationAPI.Model\DEVES.IntegrationAPI.Model.csproj", "{6468FD67-1302-40B6-B346-1162CB9338C4}"
EndProject
Project("{FAE04EC0-301F-11D3-BF4B-00C04F79EFBC}") = "DEVES.IntegrationAPI.Core", "DEVES.IntegrationAPI.Core\DEVES.IntegrationAPI.Core.csproj", "{FA3FFF57-1EF3-4143-BA73-0233A653B435}"
EndProject
Project("{FAE04EC0-301F-11D3-BF4B-00C04F79EFBC}") = "DEVES.IntegrationAPI.WebApiTests1", "DEVES.IntegrationAPI.WebApiTests1\DEVES.IntegrationAPI.WebApiTests1.csproj", "{9FF3536E-F4E1-4465-B7F7-3FBE1078C230}"
EndProject
Project("{FAE04EC0-301F-11D3-BF4B-00C04F79EFBC}") = "DEVES.IntegrationAPI.CoreTests1", "DEVES.IntegrationAPI.CoreTests1\DEVES.IntegrationAPI.CoreTests1.csproj", "{EF302640-C4EC-4512-932A-52456B02C8E8}"
EndProject
Project("{FAE04EC0-301F-11D3-BF4B-00C04F79EFBC}") = "Proxy", "Proxy\Proxy.csproj", "{FAA9A191-FF3E-402B-8991-B278B49E9264}"
EndProject
Project("{FAE04EC0-301F-11D3-BF4B-00C04F79EFBC}") = "DevesWebApp", "..\DevesWebApp\DevesWebApp.csproj", "{93A28C8F-C900-4AFB-A539-A000DF0744F2}"
EndProject
Project("{FAE04EC0-301F-11D3-BF4B-00C04F79EFBC}") = "DEVES.CustomApp", "DEVES.CustomApp\DEVES.CustomApp.csproj", "{5A9B2717-3FFA-4ADE-801E-DEBFF1987C9C}"
EndProject
Global
	GlobalSection(SolutionConfigurationPlatforms) = preSolution
		Debug|Any CPU = Debug|Any CPU
		Release|Any CPU = Release|Any CPU
	EndGlobalSection
	GlobalSection(ProjectConfigurationPlatforms) = postSolution
		{9E53BD0D-3233-4320-8445-C575920EB7E6}.Debug|Any CPU.ActiveCfg = Debug|Any CPU
		{9E53BD0D-3233-4320-8445-C575920EB7E6}.Debug|Any CPU.Build.0 = Debug|Any CPU
		{9E53BD0D-3233-4320-8445-C575920EB7E6}.Release|Any CPU.ActiveCfg = Release|Any CPU
		{9E53BD0D-3233-4320-8445-C575920EB7E6}.Release|Any CPU.Build.0 = Release|Any CPU
		{6468FD67-1302-40B6-B346-1162CB9338C4}.Debug|Any CPU.ActiveCfg = Debug|Any CPU
		{6468FD67-1302-40B6-B346-1162CB9338C4}.Debug|Any CPU.Build.0 = Debug|Any CPU
		{6468FD67-1302-40B6-B346-1162CB9338C4}.Release|Any CPU.ActiveCfg = Release|Any CPU
		{6468FD67-1302-40B6-B346-1162CB9338C4}.Release|Any CPU.Build.0 = Release|Any CPU
		{FA3FFF57-1EF3-4143-BA73-0233A653B435}.Debug|Any CPU.ActiveCfg = Debug|Any CPU
		{FA3FFF57-1EF3-4143-BA73-0233A653B435}.Debug|Any CPU.Build.0 = Debug|Any CPU
		{FA3FFF57-1EF3-4143-BA73-0233A653B435}.Release|Any CPU.ActiveCfg = Release|Any CPU
		{FA3FFF57-1EF3-4143-BA73-0233A653B435}.Release|Any CPU.Build.0 = Release|Any CPU
		{9FF3536E-F4E1-4465-B7F7-3FBE1078C230}.Debug|Any CPU.ActiveCfg = Debug|Any CPU
		{9FF3536E-F4E1-4465-B7F7-3FBE1078C230}.Debug|Any CPU.Build.0 = Debug|Any CPU
		{9FF3536E-F4E1-4465-B7F7-3FBE1078C230}.Release|Any CPU.ActiveCfg = Release|Any CPU
		{9FF3536E-F4E1-4465-B7F7-3FBE1078C230}.Release|Any CPU.Build.0 = Release|Any CPU
		{EF302640-C4EC-4512-932A-52456B02C8E8}.Debug|Any CPU.ActiveCfg = Debug|Any CPU
		{EF302640-C4EC-4512-932A-52456B02C8E8}.Debug|Any CPU.Build.0 = Debug|Any CPU
		{EF302640-C4EC-4512-932A-52456B02C8E8}.Release|Any CPU.ActiveCfg = Release|Any CPU
		{EF302640-C4EC-4512-932A-52456B02C8E8}.Release|Any CPU.Build.0 = Release|Any CPU
		{FAA9A191-FF3E-402B-8991-B278B49E9264}.Debug|Any CPU.ActiveCfg = Debug|Any CPU
		{FAA9A191-FF3E-402B-8991-B278B49E9264}.Debug|Any CPU.Build.0 = Debug|Any CPU
		{FAA9A191-FF3E-402B-8991-B278B49E9264}.Release|Any CPU.ActiveCfg = Release|Any CPU
		{FAA9A191-FF3E-402B-8991-B278B49E9264}.Release|Any CPU.Build.0 = Release|Any CPU
		{93A28C8F-C900-4AFB-A539-A000DF0744F2}.Debug|Any CPU.ActiveCfg = Debug|Any CPU
		{93A28C8F-C900-4AFB-A539-A000DF0744F2}.Debug|Any CPU.Build.0 = Debug|Any CPU
		{93A28C8F-C900-4AFB-A539-A000DF0744F2}.Release|Any CPU.ActiveCfg = Release|Any CPU
		{93A28C8F-C900-4AFB-A539-A000DF0744F2}.Release|Any CPU.Build.0 = Release|Any CPU
		{5A9B2717-3FFA-4ADE-801E-DEBFF1987C9C}.Debug|Any CPU.ActiveCfg = Debug|Any CPU
		{5A9B2717-3FFA-4ADE-801E-DEBFF1987C9C}.Debug|Any CPU.Build.0 = Debug|Any CPU
		{5A9B2717-3FFA-4ADE-801E-DEBFF1987C9C}.Release|Any CPU.ActiveCfg = Release|Any CPU
		{5A9B2717-3FFA-4ADE-801E-DEBFF1987C9C}.Release|Any CPU.Build.0 = Release|Any CPU
	EndGlobalSection
	GlobalSection(SolutionProperties) = preSolution
		HideSolutionNode = FALSE
	EndGlobalSection
EndGlobal
